# This file is automatically @generated by Cargo.
# It is not intended for manual editing.
version = 4

[[package]]
name = "libchessticot"
version = "0.2.2"
source = "registry+https://github.com/rust-lang/crates.io-index"
checksum = "68b07667183dc963141bf203aafed6c46d8743c0ed51526044f35a61af4bdc28"

[[package]]
name = "ucisticot"
version = "0.1.0"
dependencies = [
 "libchessticot",
]
