# This file is automatically @generated by Cargo.
# It is not intended for manual editing.
version = 4

[[package]]
name = "libchessticot"
version = "0.2.1"
source = "registry+https://github.com/rust-lang/crates.io-index"
checksum = "20235b1d410e58af15ab763fab880ccbd5334df93294a5cbc5ef56e7c0fda351"

[[package]]
name = "ucisticot"
version = "0.1.0"
dependencies = [
 "libchessticot",
]
